
Microsoft Visual Studio Solution File, Format Version 12.00
# Visual Studio Version 16
VisualStudioVersion = 16.0.29905.134
MinimumVisualStudioVersion = 10.0.40219.1
Project("{9A19103F-16F7-4668-BE54-9A1E7A4F7556}") = "Patio", "Patio\Patio\Patio.csproj", "{A5CC372C-E3DD-4E22-B619-AA7F7B8F9E66}"
EndProject
Project("{2150E333-8FDC-42A3-9474-1A3956D46DE8}") = "Patio", "Patio", "{4DBEE770-A0B1-46D1-97B2-E516F835FF23}"
EndProject
Project("{9A19103F-16F7-4668-BE54-9A1E7A4F7556}") = "CheckOut", "CheckOut\CheckOut\CheckOut.csproj", "{2DB1F20A-58AD-4BC7-8BC4-C97E7C40F863}"
EndProject
Project("{2150E333-8FDC-42A3-9474-1A3956D46DE8}") = "Nucleo Compartilhado", "Nucleo Compartilhado", "{AB25E345-7378-4297-9950-0F1297E4C12B}"
EndProject
Project("{9A19103F-16F7-4668-BE54-9A1E7A4F7556}") = "Nucleo.Compartilhado", "NucleoCompartilhado\Nucleo.Compartilhado\Nucleo.Compartilhado.csproj", "{FDB0FDFC-A642-40FC-99B7-941D68D926E4}"
EndProject
Project("{9A19103F-16F7-4668-BE54-9A1E7A4F7556}") = "Nucleo.Compartilhado.Comum", "NucleoCompartilhadoComum\Nucleo.Compartilhado.Comum\Nucleo.Compartilhado.Comum.csproj", "{FA244AF1-B8F6-4E48-BAF7-0046964BC23A}"
EndProject
Project("{2150E333-8FDC-42A3-9474-1A3956D46DE8}") = "Testes de Unidade", "Testes de Unidade", "{49B9ED36-4EFE-47A5-BC27-98923DA53126}"
EndProject
Project("{9A19103F-16F7-4668-BE54-9A1E7A4F7556}") = "Patio.Infraestrutura", "PatioInfraestrutura\Patio.Infraestrutura\Patio.Infraestrutura.csproj", "{B1178DAF-E8EA-4582-BCE3-A62E6BD0ED90}"
EndProject
Project("{9A19103F-16F7-4668-BE54-9A1E7A4F7556}") = "Nucleo.Compartilhado.Comum.Infraestrutura", "NucleoCompartilhadoInfraestruturaComum\Nucleo.Compartilhado.Comum.Infraestrutura\Nucleo.Compartilhado.Comum.Infraestrutura.csproj", "{4990650F-4CCB-41B4-85DA-CA2EDF767369}"
EndProject
Project("{9A19103F-16F7-4668-BE54-9A1E7A4F7556}") = "Estacionamento.TestesDeUnidades", "TestesDeUnidade\Estacionamento.TestesDeUnidades\Estacionamento.TestesDeUnidades.csproj", "{4FB89304-784D-4F9B-B4BC-98056FAFC3F9}"
EndProject
Project("{2150E333-8FDC-42A3-9474-1A3956D46DE8}") = "Testes de Integração", "Testes de Integração", "{10507F08-2376-4C3F-AF01-089C3A788133}"
EndProject
Project("{9A19103F-16F7-4668-BE54-9A1E7A4F7556}") = "Estacionamento.TestesDeIntegracao", "TestesDeIntegracao\Estacionamento.TestesDeIntegracao\Estacionamento.TestesDeIntegracao.csproj", "{0913C7A2-DEB7-4DB7-81AC-4754BD00DC7A}"
EndProject
Project("{2150E333-8FDC-42A3-9474-1A3956D46DE8}") = "Contextos", "Contextos", "{B274B7E8-9379-41B5-92B1-63DFED6DECD1}"
EndProject
Project("{2150E333-8FDC-42A3-9474-1A3956D46DE8}") = "Checkout", "Checkout", "{E3B28A39-62CB-478F-BCBC-376D99840A0D}"
EndProject
Global
	GlobalSection(SolutionConfigurationPlatforms) = preSolution
		Debug|Any CPU = Debug|Any CPU
		Release|Any CPU = Release|Any CPU
	EndGlobalSection
	GlobalSection(ProjectConfigurationPlatforms) = postSolution
		{A5CC372C-E3DD-4E22-B619-AA7F7B8F9E66}.Debug|Any CPU.ActiveCfg = Debug|Any CPU
		{A5CC372C-E3DD-4E22-B619-AA7F7B8F9E66}.Debug|Any CPU.Build.0 = Debug|Any CPU
		{A5CC372C-E3DD-4E22-B619-AA7F7B8F9E66}.Release|Any CPU.ActiveCfg = Release|Any CPU
		{A5CC372C-E3DD-4E22-B619-AA7F7B8F9E66}.Release|Any CPU.Build.0 = Release|Any CPU
		{2DB1F20A-58AD-4BC7-8BC4-C97E7C40F863}.Debug|Any CPU.ActiveCfg = Debug|Any CPU
		{2DB1F20A-58AD-4BC7-8BC4-C97E7C40F863}.Debug|Any CPU.Build.0 = Debug|Any CPU
		{2DB1F20A-58AD-4BC7-8BC4-C97E7C40F863}.Release|Any CPU.ActiveCfg = Release|Any CPU
		{2DB1F20A-58AD-4BC7-8BC4-C97E7C40F863}.Release|Any CPU.Build.0 = Release|Any CPU
		{FDB0FDFC-A642-40FC-99B7-941D68D926E4}.Debug|Any CPU.ActiveCfg = Debug|Any CPU
		{FDB0FDFC-A642-40FC-99B7-941D68D926E4}.Debug|Any CPU.Build.0 = Debug|Any CPU
		{FDB0FDFC-A642-40FC-99B7-941D68D926E4}.Release|Any CPU.ActiveCfg = Release|Any CPU
		{FDB0FDFC-A642-40FC-99B7-941D68D926E4}.Release|Any CPU.Build.0 = Release|Any CPU
		{FA244AF1-B8F6-4E48-BAF7-0046964BC23A}.Debug|Any CPU.ActiveCfg = Debug|Any CPU
		{FA244AF1-B8F6-4E48-BAF7-0046964BC23A}.Debug|Any CPU.Build.0 = Debug|Any CPU
		{FA244AF1-B8F6-4E48-BAF7-0046964BC23A}.Release|Any CPU.ActiveCfg = Release|Any CPU
		{FA244AF1-B8F6-4E48-BAF7-0046964BC23A}.Release|Any CPU.Build.0 = Release|Any CPU
		{B1178DAF-E8EA-4582-BCE3-A62E6BD0ED90}.Debug|Any CPU.ActiveCfg = Debug|Any CPU
		{B1178DAF-E8EA-4582-BCE3-A62E6BD0ED90}.Debug|Any CPU.Build.0 = Debug|Any CPU
		{B1178DAF-E8EA-4582-BCE3-A62E6BD0ED90}.Release|Any CPU.ActiveCfg = Release|Any CPU
		{B1178DAF-E8EA-4582-BCE3-A62E6BD0ED90}.Release|Any CPU.Build.0 = Release|Any CPU
		{4990650F-4CCB-41B4-85DA-CA2EDF767369}.Debug|Any CPU.ActiveCfg = Debug|Any CPU
		{4990650F-4CCB-41B4-85DA-CA2EDF767369}.Debug|Any CPU.Build.0 = Debug|Any CPU
		{4990650F-4CCB-41B4-85DA-CA2EDF767369}.Release|Any CPU.ActiveCfg = Release|Any CPU
		{4990650F-4CCB-41B4-85DA-CA2EDF767369}.Release|Any CPU.Build.0 = Release|Any CPU
		{4FB89304-784D-4F9B-B4BC-98056FAFC3F9}.Debug|Any CPU.ActiveCfg = Debug|Any CPU
		{4FB89304-784D-4F9B-B4BC-98056FAFC3F9}.Debug|Any CPU.Build.0 = Debug|Any CPU
		{4FB89304-784D-4F9B-B4BC-98056FAFC3F9}.Release|Any CPU.ActiveCfg = Release|Any CPU
		{4FB89304-784D-4F9B-B4BC-98056FAFC3F9}.Release|Any CPU.Build.0 = Release|Any CPU
		{0913C7A2-DEB7-4DB7-81AC-4754BD00DC7A}.Debug|Any CPU.ActiveCfg = Debug|Any CPU
		{0913C7A2-DEB7-4DB7-81AC-4754BD00DC7A}.Debug|Any CPU.Build.0 = Debug|Any CPU
		{0913C7A2-DEB7-4DB7-81AC-4754BD00DC7A}.Release|Any CPU.ActiveCfg = Release|Any CPU
		{0913C7A2-DEB7-4DB7-81AC-4754BD00DC7A}.Release|Any CPU.Build.0 = Release|Any CPU
	EndGlobalSection
	GlobalSection(SolutionProperties) = preSolution
		HideSolutionNode = FALSE
	EndGlobalSection
	GlobalSection(NestedProjects) = preSolution
		{A5CC372C-E3DD-4E22-B619-AA7F7B8F9E66} = {4DBEE770-A0B1-46D1-97B2-E516F835FF23}
		{4DBEE770-A0B1-46D1-97B2-E516F835FF23} = {B274B7E8-9379-41B5-92B1-63DFED6DECD1}
		{2DB1F20A-58AD-4BC7-8BC4-C97E7C40F863} = {E3B28A39-62CB-478F-BCBC-376D99840A0D}
		{AB25E345-7378-4297-9950-0F1297E4C12B} = {B274B7E8-9379-41B5-92B1-63DFED6DECD1}
		{FDB0FDFC-A642-40FC-99B7-941D68D926E4} = {AB25E345-7378-4297-9950-0F1297E4C12B}
		{FA244AF1-B8F6-4E48-BAF7-0046964BC23A} = {AB25E345-7378-4297-9950-0F1297E4C12B}
		{B1178DAF-E8EA-4582-BCE3-A62E6BD0ED90} = {4DBEE770-A0B1-46D1-97B2-E516F835FF23}
		{4990650F-4CCB-41B4-85DA-CA2EDF767369} = {AB25E345-7378-4297-9950-0F1297E4C12B}
		{4FB89304-784D-4F9B-B4BC-98056FAFC3F9} = {49B9ED36-4EFE-47A5-BC27-98923DA53126}
		{0913C7A2-DEB7-4DB7-81AC-4754BD00DC7A} = {10507F08-2376-4C3F-AF01-089C3A788133}
		{E3B28A39-62CB-478F-BCBC-376D99840A0D} = {B274B7E8-9379-41B5-92B1-63DFED6DECD1}
	EndGlobalSection
	GlobalSection(ExtensibilityGlobals) = postSolution
		SolutionGuid = {F553A90C-E1B7-4C06-AB89-6489DCCA593E}
	EndGlobalSection
EndGlobal
