
Microsoft Visual Studio Solution File, Format Version 12.00
# Visual Studio 15
VisualStudioVersion = 15.0.28010.2019
MinimumVisualStudioVersion = 10.0.40219.1
Project("{9A19103F-16F7-4668-BE54-9A1E7A4F7556}") = "Estacionamento.TestesDeUnidades", "TestesDeUnidades\Estacionamento.TestesDeUnidades\Estacionamento.TestesDeUnidades.csproj", "{B46801D1-2545-45D1-B82F-F0DE588FF952}"
EndProject
Project("{9A19103F-16F7-4668-BE54-9A1E7A4F7556}") = "Patio", "Patio\Patio\Patio.csproj", "{A5CC372C-E3DD-4E22-B619-AA7F7B8F9E66}"
EndProject
Project("{2150E333-8FDC-42A3-9474-1A3956D46DE8}") = "Área de Atendimento", "Área de Atendimento", "{4DBEE770-A0B1-46D1-97B2-E516F835FF23}"
EndProject
Project("{2150E333-8FDC-42A3-9474-1A3956D46DE8}") = "Testes de Unidades", "Testes de Unidades", "{DEE63820-48AB-4FAC-9DD6-D9ED98431A05}"
EndProject
Project("{9A19103F-16F7-4668-BE54-9A1E7A4F7556}") = "CheckOut", "CheckOut\CheckOut\CheckOut.csproj", "{2DB1F20A-58AD-4BC7-8BC4-C97E7C40F863}"
EndProject
Project("{2150E333-8FDC-42A3-9474-1A3956D46DE8}") = "Área Compartilhada", "Área Compartilhada", "{AB25E345-7378-4297-9950-0F1297E4C12B}"
EndProject
Project("{9A19103F-16F7-4668-BE54-9A1E7A4F7556}") = "Nucleo.Compartilhado", "NucleoCompartilhado\Nucleo.Compartilhado\Nucleo.Compartilhado.csproj", "{FDB0FDFC-A642-40FC-99B7-941D68D926E4}"
EndProject
Project("{9A19103F-16F7-4668-BE54-9A1E7A4F7556}") = "Nucleo.Compartilhado.Comum", "NucleoCompartilhadoComum\Nucleo.Compartilhado.Comum\Nucleo.Compartilhado.Comum.csproj", "{FA244AF1-B8F6-4E48-BAF7-0046964BC23A}"
EndProject
Global
	GlobalSection(SolutionConfigurationPlatforms) = preSolution
		Debug|Any CPU = Debug|Any CPU
		Release|Any CPU = Release|Any CPU
	EndGlobalSection
	GlobalSection(ProjectConfigurationPlatforms) = postSolution
		{B46801D1-2545-45D1-B82F-F0DE588FF952}.Debug|Any CPU.ActiveCfg = Debug|Any CPU
		{B46801D1-2545-45D1-B82F-F0DE588FF952}.Debug|Any CPU.Build.0 = Debug|Any CPU
		{B46801D1-2545-45D1-B82F-F0DE588FF952}.Release|Any CPU.ActiveCfg = Release|Any CPU
		{B46801D1-2545-45D1-B82F-F0DE588FF952}.Release|Any CPU.Build.0 = Release|Any CPU
		{A5CC372C-E3DD-4E22-B619-AA7F7B8F9E66}.Debug|Any CPU.ActiveCfg = Debug|Any CPU
		{A5CC372C-E3DD-4E22-B619-AA7F7B8F9E66}.Debug|Any CPU.Build.0 = Debug|Any CPU
		{A5CC372C-E3DD-4E22-B619-AA7F7B8F9E66}.Release|Any CPU.ActiveCfg = Release|Any CPU
		{A5CC372C-E3DD-4E22-B619-AA7F7B8F9E66}.Release|Any CPU.Build.0 = Release|Any CPU
		{2DB1F20A-58AD-4BC7-8BC4-C97E7C40F863}.Debug|Any CPU.ActiveCfg = Debug|Any CPU
		{2DB1F20A-58AD-4BC7-8BC4-C97E7C40F863}.Debug|Any CPU.Build.0 = Debug|Any CPU
		{2DB1F20A-58AD-4BC7-8BC4-C97E7C40F863}.Release|Any CPU.ActiveCfg = Release|Any CPU
		{2DB1F20A-58AD-4BC7-8BC4-C97E7C40F863}.Release|Any CPU.Build.0 = Release|Any CPU
		{FDB0FDFC-A642-40FC-99B7-941D68D926E4}.Debug|Any CPU.ActiveCfg = Debug|Any CPU
		{FDB0FDFC-A642-40FC-99B7-941D68D926E4}.Debug|Any CPU.Build.0 = Debug|Any CPU
		{FDB0FDFC-A642-40FC-99B7-941D68D926E4}.Release|Any CPU.ActiveCfg = Release|Any CPU
		{FDB0FDFC-A642-40FC-99B7-941D68D926E4}.Release|Any CPU.Build.0 = Release|Any CPU
		{FA244AF1-B8F6-4E48-BAF7-0046964BC23A}.Debug|Any CPU.ActiveCfg = Debug|Any CPU
		{FA244AF1-B8F6-4E48-BAF7-0046964BC23A}.Debug|Any CPU.Build.0 = Debug|Any CPU
		{FA244AF1-B8F6-4E48-BAF7-0046964BC23A}.Release|Any CPU.ActiveCfg = Release|Any CPU
		{FA244AF1-B8F6-4E48-BAF7-0046964BC23A}.Release|Any CPU.Build.0 = Release|Any CPU
	EndGlobalSection
	GlobalSection(SolutionProperties) = preSolution
		HideSolutionNode = FALSE
	EndGlobalSection
	GlobalSection(NestedProjects) = preSolution
		{B46801D1-2545-45D1-B82F-F0DE588FF952} = {DEE63820-48AB-4FAC-9DD6-D9ED98431A05}
		{A5CC372C-E3DD-4E22-B619-AA7F7B8F9E66} = {4DBEE770-A0B1-46D1-97B2-E516F835FF23}
		{2DB1F20A-58AD-4BC7-8BC4-C97E7C40F863} = {4DBEE770-A0B1-46D1-97B2-E516F835FF23}
		{FDB0FDFC-A642-40FC-99B7-941D68D926E4} = {AB25E345-7378-4297-9950-0F1297E4C12B}
		{FA244AF1-B8F6-4E48-BAF7-0046964BC23A} = {AB25E345-7378-4297-9950-0F1297E4C12B}
	EndGlobalSection
	GlobalSection(ExtensibilityGlobals) = postSolution
		SolutionGuid = {F553A90C-E1B7-4C06-AB89-6489DCCA593E}
	EndGlobalSection
EndGlobal
